// !$*UTF8*$!
{
	archiveVersion = 1;
	classes = {
	};
	objectVersion = 46;
	objects = {

/* Begin PBXAggregateTarget section */
		96D355F20908DD62006B6436 /* ReleaseBuild */ = {
			isa = PBXAggregateTarget;
			buildConfigurationList = 96D355F30908DD80006B6436 /* Build configuration list for PBXAggregateTarget "ReleaseBuild" */;
			buildPhases = (
			);
			dependencies = (
				9658838409BC64BB0063770F /* PBXTargetDependency */,
			);
			name = ReleaseBuild;
			productName = ReleaseBuild;
		};
/* End PBXAggregateTarget section */

/* Begin PBXBuildFile section */
		0FC7E76517F98D490039BEE9 /* Logging.he in Resources */ = {isa = PBXBuildFile; fileRef = 0FC7E76417F98D490039BEE9 /* Logging.he */; };
		0FC7E76817F98D710039BEE9 /* ThreadTimer.cpp in Sources */ = {isa = PBXBuildFile; fileRef = 0FC7E76617F98D710039BEE9 /* ThreadTimer.cpp */; };
		0FC7E76917F98D710039BEE9 /* Worker.cpp in Sources */ = {isa = PBXBuildFile; fileRef = 0FC7E76717F98D710039BEE9 /* Worker.cpp */; };
		0FC7E76C17F98D7B0039BEE9 /* ThreadTimer.he in Resources */ = {isa = PBXBuildFile; fileRef = 0FC7E76A17F98D7B0039BEE9 /* ThreadTimer.he */; };
		0FC7E77117F991FD0039BEE9 /* SimpleWorker.cpp in Sources */ = {isa = PBXBuildFile; fileRef = 0FC7E77017F991FD0039BEE9 /* SimpleWorker.cpp */; };
		0FC7E77617F993620039BEE9 /* libboost_thread-xgcc42-mt-1_49.a in Frameworks */ = {isa = PBXBuildFile; fileRef = 0FC7E77517F993620039BEE9 /* libboost_thread-xgcc42-mt-1_49.a */; };
		96CA4E550907E8CC00C234AA /* InfoPlist.strings in Resources */ = {isa = PBXBuildFile; fileRef = 089C167DFE841241C02AAC07 /* InfoPlist.strings */; };
		96CA4E5A0907E8CC00C234AA /* Carbon.framework in Frameworks */ = {isa = PBXBuildFile; fileRef = 08EA7FFBFE8413EDC02AAC07 /* Carbon.framework */; };
		96CA4E660907EB0700C234AA /* u_complib.framework in Frameworks */ = {isa = PBXBuildFile; fileRef = 96CA4E650907EB0700C234AA /* u_complib.framework */; };
		B02360CC11765D30001236FE /* NVObjBase.cpp in Sources */ = {isa = PBXBuildFile; fileRef = B02360C911765D30001236FE /* NVObjBase.cpp */; };
		B02360CD11765D30001236FE /* NVObjTemplate.cpp in Sources */ = {isa = PBXBuildFile; fileRef = B02360CA11765D30001236FE /* NVObjTemplate.cpp */; };
		B02360CE11765D30001236FE /* Simple.cpp in Sources */ = {isa = PBXBuildFile; fileRef = B02360CB11765D30001236FE /* Simple.cpp */; };
		B03C1D50130EDBCB00661BC0 /* Static.cpp in Sources */ = {isa = PBXBuildFile; fileRef = B03C1D4F130EDBCB00661BC0 /* Static.cpp */; };
		B0A46050125F550F003A3050 /* OmnisTools.cpp in Sources */ = {isa = PBXBuildFile; fileRef = B0A4604F125F550F003A3050 /* OmnisTools.cpp */; };
		B0E4AC8D1455F80100B9B898 /* NVObjTemplate.rc in Resources */ = {isa = PBXBuildFile; fileRef = B01F974B132A7CFE0031F767 /* NVObjTemplate.rc */; };
/* End PBXBuildFile section */

/* Begin PBXBuildRule section */
		96CA4E5C0907E8CC00C234AA /* PBXBuildRule */ = {
			isa = PBXBuildRule;
			compilerSpec = com.apple.compilers.proxy.script;
			filePatterns = "*.rc";
			fileType = pattern.proxy;
			isEditable = 1;
			outputFiles = (
				"$(TEMP_FILE_DIR)/omnisrc/Localizable.strings",
			);
			script = "/Developer/Tools/omnisrc.app/Contents/MacOS/omnisrc INPUT_FILE_PATH TEMP_FILE_DIR REZ_SEARCH_PATHS XCOMP\ncp $TEMP_FILE_DIR/omnisrc/xcomp.rsrc $INSTALL_DIR/$CONTENTS_FOLDER_PATH/Resources";
		};
/* End PBXBuildRule section */

/* Begin PBXContainerItemProxy section */
		9658838309BC64BB0063770F /* PBXContainerItemProxy */ = {
			isa = PBXContainerItemProxy;
			containerPortal = 089C1669FE841209C02AAC07 /* Project object */;
			proxyType = 1;
			remoteGlobalIDString = 96CA4E530907E8CC00C234AA;
			remoteInfo = UnicodeCore;
		};
/* End PBXContainerItemProxy section */

/* Begin PBXFileReference section */
		089C167EFE841241C02AAC07 /* English */ = {isa = PBXFileReference; fileEncoding = 4; lastKnownFileType = text.plist.strings; name = English; path = English.lproj/InfoPlist.strings; sourceTree = "<group>"; };
		08EA7FFBFE8413EDC02AAC07 /* Carbon.framework */ = {isa = PBXFileReference; lastKnownFileType = wrapper.framework; name = Carbon.framework; path = /System/Library/Frameworks/Carbon.framework; sourceTree = "<absolute>"; };
		0FC7E76417F98D490039BEE9 /* Logging.he */ = {isa = PBXFileReference; explicitFileType = sourcecode.cpp.h; fileEncoding = 4; name = Logging.he; path = ../../include/Logging.he; sourceTree = "<group>"; };
		0FC7E76617F98D710039BEE9 /* ThreadTimer.cpp */ = {isa = PBXFileReference; fileEncoding = 4; lastKnownFileType = sourcecode.cpp.cpp; name = ThreadTimer.cpp; path = ../../src/ThreadTimer.cpp; sourceTree = "<group>"; };
		0FC7E76717F98D710039BEE9 /* Worker.cpp */ = {isa = PBXFileReference; fileEncoding = 4; lastKnownFileType = sourcecode.cpp.cpp; name = Worker.cpp; path = ../../src/Worker.cpp; sourceTree = "<group>"; };
		0FC7E76A17F98D7B0039BEE9 /* ThreadTimer.he */ = {isa = PBXFileReference; explicitFileType = sourcecode.cpp.h; fileEncoding = 4; name = ThreadTimer.he; path = ../../include/ThreadTimer.he; sourceTree = "<group>"; };
		0FC7E76B17F98D7B0039BEE9 /* Worker.h */ = {isa = PBXFileReference; explicitFileType = sourcecode.cpp.h; fileEncoding = 4; name = Worker.h; path = ../../include/Worker.h; sourceTree = "<group>"; };
		0FC7E76F17F991BC0039BEE9 /* SimpleWorker.h */ = {isa = PBXFileReference; fileEncoding = 4; lastKnownFileType = sourcecode.c.h; name = SimpleWorker.h; path = ../../include/SimpleWorker.h; sourceTree = "<group>"; };
		0FC7E77017F991FD0039BEE9 /* SimpleWorker.cpp */ = {isa = PBXFileReference; fileEncoding = 4; lastKnownFileType = sourcecode.cpp.cpp; name = SimpleWorker.cpp; path = ../../src/SimpleWorker.cpp; sourceTree = "<group>"; };
		0FC7E77517F993620039BEE9 /* libboost_thread-xgcc42-mt-1_49.a */ = {isa = PBXFileReference; lastKnownFileType = archive.ar; name = "libboost_thread-xgcc42-mt-1_49.a"; path = "../../../../Boost/boost_1_49_0/stage/lib/libboost_thread-xgcc42-mt-1_49.a"; sourceTree = "<group>"; };
		96CA4E610907E8CC00C234AA /* NVObjTemplate.u_xcomp */ = {isa = PBXFileReference; explicitFileType = wrapper.cfbundle; includeInIndex = 0; path = NVObjTemplate.u_xcomp; sourceTree = BUILT_PRODUCTS_DIR; };
		96CA4E650907EB0700C234AA /* u_complib.framework */ = {isa = PBXFileReference; explicitFileType = wrapper.framework; name = u_complib.framework; path = /Library/Frameworks/u_complib.framework; sourceTree = "<absolute>"; };
		B01F974B132A7CFE0031F767 /* NVObjTemplate.rc */ = {isa = PBXFileReference; fileEncoding = 4; lastKnownFileType = text; name = NVObjTemplate.rc; path = ../../resource/NVObjTemplate.rc; sourceTree = "<group>"; };
		B02360C911765D30001236FE /* NVObjBase.cpp */ = {isa = PBXFileReference; fileEncoding = 4; lastKnownFileType = sourcecode.cpp.cpp; name = NVObjBase.cpp; path = ../../src/NVObjBase.cpp; sourceTree = SOURCE_ROOT; };
		B02360CA11765D30001236FE /* NVObjTemplate.cpp */ = {isa = PBXFileReference; fileEncoding = 4; lastKnownFileType = sourcecode.cpp.cpp; name = NVObjTemplate.cpp; path = ../../src/NVObjTemplate.cpp; sourceTree = SOURCE_ROOT; };
		B02360CB11765D30001236FE /* Simple.cpp */ = {isa = PBXFileReference; fileEncoding = 4; lastKnownFileType = sourcecode.cpp.cpp; name = Simple.cpp; path = ../../src/Simple.cpp; sourceTree = SOURCE_ROOT; };
		B02360CF11765D3A001236FE /* NVObjBase.he */ = {isa = PBXFileReference; explicitFileType = sourcecode.cpp.h; fileEncoding = 4; name = NVObjBase.he; path = ../../include/NVObjBase.he; sourceTree = SOURCE_ROOT; };
		B02360D011765D3A001236FE /* NVObjTemplate.he */ = {isa = PBXFileReference; explicitFileType = sourcecode.cpp.h; fileEncoding = 4; name = NVObjTemplate.he; path = ../../include/NVObjTemplate.he; sourceTree = SOURCE_ROOT; };
		B02360D111765D3A001236FE /* Simple.he */ = {isa = PBXFileReference; explicitFileType = sourcecode.cpp.h; fileEncoding = 4; name = Simple.he; path = ../../include/Simple.he; sourceTree = SOURCE_ROOT; };
		B03C1D40130EDAE500661BC0 /* Static.he */ = {isa = PBXFileReference; explicitFileType = sourcecode.cpp.h; fileEncoding = 4; name = Static.he; path = ../../include/Static.he; sourceTree = SOURCE_ROOT; };
		B03C1D4F130EDBCB00661BC0 /* Static.cpp */ = {isa = PBXFileReference; fileEncoding = 4; lastKnownFileType = sourcecode.cpp.cpp; name = Static.cpp; path = ../../src/Static.cpp; sourceTree = SOURCE_ROOT; };
		B0A4604F125F550F003A3050 /* OmnisTools.cpp */ = {isa = PBXFileReference; fileEncoding = 4; lastKnownFileType = sourcecode.cpp.cpp; name = OmnisTools.cpp; path = ../../src/OmnisTools.cpp; sourceTree = SOURCE_ROOT; };
		B0A46051125F5517003A3050 /* OmnisTools.he */ = {isa = PBXFileReference; explicitFileType = sourcecode.c.h; fileEncoding = 4; name = OmnisTools.he; path = ../../include/OmnisTools.he; sourceTree = SOURCE_ROOT; };
/* End PBXFileReference section */

/* Begin PBXFrameworksBuildPhase section */
		96CA4E590907E8CC00C234AA /* Frameworks */ = {
			isa = PBXFrameworksBuildPhase;
			buildActionMask = 2147483647;
			files = (
				96CA4E5A0907E8CC00C234AA /* Carbon.framework in Frameworks */,
				96CA4E660907EB0700C234AA /* u_complib.framework in Frameworks */,
				0FC7E77617F993620039BEE9 /* libboost_thread-xgcc42-mt-1_49.a in Frameworks */,
			);
			runOnlyForDeploymentPostprocessing = 0;
		};
/* End PBXFrameworksBuildPhase section */

/* Begin PBXGroup section */
		089C166AFE841209C02AAC07 /* xrandom */ = {
			isa = PBXGroup;
			children = (
				96D631340905093100E0F291 /* Headers */,
				08FB77ADFE841716C02AAC07 /* Source */,
				089C167CFE841241C02AAC07 /* Resources */,
				089C1671FE841209C02AAC07 /* External Frameworks and Libraries */,
				19C28FB4FE9D528D11CA2CBB /* Products */,
			);
			name = xrandom;
			sourceTree = "<group>";
		};
		089C1671FE841209C02AAC07 /* External Frameworks and Libraries */ = {
			isa = PBXGroup;
			children = (
				0FC7E77517F993620039BEE9 /* libboost_thread-xgcc42-mt-1_49.a */,
				96CA4E650907EB0700C234AA /* u_complib.framework */,
				08EA7FFBFE8413EDC02AAC07 /* Carbon.framework */,
			);
			name = "External Frameworks and Libraries";
			sourceTree = "<group>";
		};
		089C167CFE841241C02AAC07 /* Resources */ = {
			isa = PBXGroup;
			children = (
				B01F974B132A7CFE0031F767 /* NVObjTemplate.rc */,
				089C167DFE841241C02AAC07 /* InfoPlist.strings */,
			);
			name = Resources;
			sourceTree = "<group>";
		};
		08FB77ADFE841716C02AAC07 /* Source */ = {
			isa = PBXGroup;
			children = (
				0FC7E76E17F98D9F0039BEE9 /* Worker */,
				B0A4604F125F550F003A3050 /* OmnisTools.cpp */,
				B02360C911765D30001236FE /* NVObjBase.cpp */,
				B02360CA11765D30001236FE /* NVObjTemplate.cpp */,
				B02360CB11765D30001236FE /* Simple.cpp */,
				B03C1D4F130EDBCB00661BC0 /* Static.cpp */,
			);
			name = Source;
			sourceTree = "<group>";
		};
		0FC7E76D17F98D7E0039BEE9 /* Worker */ = {
			isa = PBXGroup;
			children = (
				0FC7E76A17F98D7B0039BEE9 /* ThreadTimer.he */,
				0FC7E76B17F98D7B0039BEE9 /* Worker.h */,
				0FC7E76F17F991BC0039BEE9 /* SimpleWorker.h */,
			);
			name = Worker;
			sourceTree = "<group>";
		};
		0FC7E76E17F98D9F0039BEE9 /* Worker */ = {
			isa = PBXGroup;
			children = (
				0FC7E76617F98D710039BEE9 /* ThreadTimer.cpp */,
				0FC7E76717F98D710039BEE9 /* Worker.cpp */,
				0FC7E77017F991FD0039BEE9 /* SimpleWorker.cpp */,
			);
			name = Worker;
			sourceTree = "<group>";
		};
		19C28FB4FE9D528D11CA2CBB /* Products */ = {
			isa = PBXGroup;
			children = (
				96CA4E610907E8CC00C234AA /* NVObjTemplate.u_xcomp */,
			);
			name = Products;
			sourceTree = "<group>";
		};
		96D631340905093100E0F291 /* Headers */ = {
			isa = PBXGroup;
			children = (
				0FC7E76D17F98D7E0039BEE9 /* Worker */,
				0FC7E76417F98D490039BEE9 /* Logging.he */,
				B0A46051125F5517003A3050 /* OmnisTools.he */,
				B02360CF11765D3A001236FE /* NVObjBase.he */,
				B02360D011765D3A001236FE /* NVObjTemplate.he */,
				B02360D111765D3A001236FE /* Simple.he */,
				B03C1D40130EDAE500661BC0 /* Static.he */,
			);
			name = Headers;
			sourceTree = "<group>";
		};
/* End PBXGroup section */

/* Begin PBXNativeTarget section */
		96CA4E530907E8CC00C234AA /* UnicodeCore */ = {
			isa = PBXNativeTarget;
			buildConfigurationList = 96CA4E5D0907E8CC00C234AA /* Build configuration list for PBXNativeTarget "UnicodeCore" */;
			buildPhases = (
				96CA4E540907E8CC00C234AA /* Resources */,
				96CA4E570907E8CC00C234AA /* Sources */,
				96CA4E590907E8CC00C234AA /* Frameworks */,
			);
			buildRules = (
				96CA4E5C0907E8CC00C234AA /* PBXBuildRule */,
			);
			dependencies = (
			);
			name = UnicodeCore;
			productInstallPath = "$(HOME)/Library/Bundles";
			productName = xrandom;
			productReference = 96CA4E610907E8CC00C234AA /* NVObjTemplate.u_xcomp */;
			productType = "com.apple.product-type.bundle";
		};
/* End PBXNativeTarget section */

/* Begin PBXProject section */
		089C1669FE841209C02AAC07 /* Project object */ = {
			isa = PBXProject;
			attributes = {
				LastUpgradeCheck = 0410;
			};
			buildConfigurationList = 96CF455E08FBABD1003AA3FE /* Build configuration list for PBXProject "NVObjTemplate" */;
			compatibilityVersion = "Xcode 3.2";
			developmentRegion = English;
			hasScannedForEncodings = 1;
			knownRegions = (
				English,
				Japanese,
				French,
				German,
				english,
			);
			mainGroup = 089C166AFE841209C02AAC07 /* xrandom */;
			projectDirPath = "";
			projectRoot = "";
			targets = (
				96CA4E530907E8CC00C234AA /* UnicodeCore */,
				96D355F20908DD62006B6436 /* ReleaseBuild */,
			);
		};
/* End PBXProject section */

/* Begin PBXResourcesBuildPhase section */
		96CA4E540907E8CC00C234AA /* Resources */ = {
			isa = PBXResourcesBuildPhase;
			buildActionMask = 2147483647;
			files = (
				96CA4E550907E8CC00C234AA /* InfoPlist.strings in Resources */,
				B0E4AC8D1455F80100B9B898 /* NVObjTemplate.rc in Resources */,
				0FC7E76517F98D490039BEE9 /* Logging.he in Resources */,
				0FC7E76C17F98D7B0039BEE9 /* ThreadTimer.he in Resources */,
			);
			runOnlyForDeploymentPostprocessing = 0;
		};
/* End PBXResourcesBuildPhase section */

/* Begin PBXSourcesBuildPhase section */
		96CA4E570907E8CC00C234AA /* Sources */ = {
			isa = PBXSourcesBuildPhase;
			buildActionMask = 2147483647;
			files = (
				B02360CC11765D30001236FE /* NVObjBase.cpp in Sources */,
				B02360CD11765D30001236FE /* NVObjTemplate.cpp in Sources */,
				B02360CE11765D30001236FE /* Simple.cpp in Sources */,
				B0A46050125F550F003A3050 /* OmnisTools.cpp in Sources */,
				B03C1D50130EDBCB00661BC0 /* Static.cpp in Sources */,
				0FC7E76817F98D710039BEE9 /* ThreadTimer.cpp in Sources */,
				0FC7E76917F98D710039BEE9 /* Worker.cpp in Sources */,
				0FC7E77117F991FD0039BEE9 /* SimpleWorker.cpp in Sources */,
			);
			runOnlyForDeploymentPostprocessing = 0;
		};
/* End PBXSourcesBuildPhase section */

/* Begin PBXTargetDependency section */
		9658838409BC64BB0063770F /* PBXTargetDependency */ = {
			isa = PBXTargetDependency;
			target = 96CA4E530907E8CC00C234AA /* UnicodeCore */;
			targetProxy = 9658838309BC64BB0063770F /* PBXContainerItemProxy */;
		};
/* End PBXTargetDependency section */

/* Begin PBXVariantGroup section */
		089C167DFE841241C02AAC07 /* InfoPlist.strings */ = {
			isa = PBXVariantGroup;
			children = (
				089C167EFE841241C02AAC07 /* English */,
			);
			name = InfoPlist.strings;
			sourceTree = "<group>";
		};
/* End PBXVariantGroup section */

/* Begin XCBuildConfiguration section */
		96CA4E5E0907E8CC00C234AA /* Development */ = {
			isa = XCBuildConfiguration;
			buildSettings = {
				GCC_ENABLE_FIX_AND_CONTINUE = YES;
			};
			name = Development;
		};
		96CA4E5F0907E8CC00C234AA /* Deployment */ = {
			isa = XCBuildConfiguration;
			buildSettings = {
				GCC_ENABLE_FIX_AND_CONTINUE = NO;
			};
			name = Deployment;
		};
		96CF455F08FBABD1003AA3FE /* Development */ = {
			isa = XCBuildConfiguration;
			buildSettings = {
				COPY_PHASE_STRIP = NO;
				DEPLOYMENT_LOCATION = YES;
				DSTROOT = "$(OMNIS_XCOMP_PATH)";
				FRAMEWORK_SEARCH_PATHS = "$(OMNIS_LIB_PATH)/complib";
				GCC_OPTIMIZATION_LEVEL = 0;
				GCC_PRECOMPILE_PREFIX_HEADER = YES;
				GCC_PREFIX_HEADER = "$(OMNIS_LIB_PATH)/complib/u_complib.framework/Headers/carbnuni.h";
				GCC_VERSION = 4.2;
				GCC_WARN_ABOUT_DEPRECATED_FUNCTIONS = NO;
				GCC_WARN_UNUSED_VARIABLE = YES;
				GENERATE_PKGINFO_FILE = YES;
				HEADER_SEARCH_PATHS = (
					$PROJECT_DIR/../../include,
					/Developer/Headers/FlatCarbon,
					"$(OMNIS_LIB_PATH)/complib/u_complib.framework/Headers",
					"$(BOOST_ROOT)",
				);
				INFOPLIST_FILE = $PROJECT_DIR/Info.plist;
				INSTALL_PATH = /;
				LIBRARY_SEARCH_PATHS = "$(BOOST_ROOT)/stage/lib";
				MACOSX_DEPLOYMENT_TARGET = 10.4;
				OTHER_CFLAGS = (
					"-Dismach_o",
					"-Dismach-o",
				);
				PRODUCT_NAME = NVObjTemplate;
				REZ_SEARCH_PATHS = (
					$PROJECT_DIR/../../resource,
					/Developer/Headers/FlatCarbon,
					$PROJECT_DIR/English.lproj,
				);
				SDKROOT = macosx10.5;
				VALID_ARCHS = "i386 x86_64 ppc";
				WRAPPER_EXTENSION = u_xcomp;
			};
			name = Development;
		};
		96CF456008FBABD1003AA3FE /* Deployment */ = {
			isa = XCBuildConfiguration;
			buildSettings = {
				ARCHS = (
					i386,
					ppc,
				);
				DEPLOYMENT_LOCATION = YES;
				DSTROOT = "$(PROJECT_DIR)/../../deploy/Mac";
				FRAMEWORK_SEARCH_PATHS = "$(OMNIS_LIB_PATH)/complib";
				GCC_GENERATE_DEBUGGING_SYMBOLS = NO;
				GCC_PRECOMPILE_PREFIX_HEADER = YES;
				GCC_PREFIX_HEADER = "$(OMNIS_LIB_PATH)/complib/u_complib.framework/Headers/carbnuni.h";
				GCC_VERSION = 4.2;
				GCC_WARN_ABOUT_DEPRECATED_FUNCTIONS = NO;
				GCC_WARN_UNUSED_VARIABLE = YES;
				GENERATE_PKGINFO_FILE = YES;
				HEADER_SEARCH_PATHS = (
					$PROJECT_DIR/../../include,
					/Developer/Headers/FlatCarbon,
					"$(OMNIS_LIB_PATH)/complib/u_complib.framework/Headers",
					"$(BOOST_ROOT)",
				);
				INFOPLIST_FILE = $PROJECT_DIR/Info.plist;
				INSTALL_PATH = /;
				LIBRARY_SEARCH_PATHS = "$(BOOST_ROOT)/stage/lib";
				MACOSX_DEPLOYMENT_TARGET = 10.4;
				OTHER_CFLAGS = (
					"-Dismach_o",
					"-Dismach-o",
				);
				PRODUCT_NAME = NVObjTemplate;
				REZ_SEARCH_PATHS = (
					$PROJECT_DIR/../../resource,
					/Developer/Headers/FlatCarbon,
					$PROJECT_DIR/English.lproj,
				);
				SDKROOT = macosx10.5;
				VALID_ARCHS = "i386 x86_64 ppc";
				WRAPPER_EXTENSION = u_xcomp;
			};
			name = Deployment;
		};
		96D355F40908DD80006B6436 /* Development */ = {
			isa = XCBuildConfiguration;
			buildSettings = {
			};
			name = Development;
		};
		96D355F50908DD80006B6436 /* Deployment */ = {
			isa = XCBuildConfiguration;
			buildSettings = {
			};
			name = Deployment;
		};
/* End XCBuildConfiguration section */

/* Begin XCConfigurationList section */
		96CA4E5D0907E8CC00C234AA /* Build configuration list for PBXNativeTarget "UnicodeCore" */ = {
			isa = XCConfigurationList;
			buildConfigurations = (
				96CA4E5E0907E8CC00C234AA /* Development */,
				96CA4E5F0907E8CC00C234AA /* Deployment */,
			);
			defaultConfigurationIsVisible = 0;
			defaultConfigurationName = Deployment;
		};
		96CF455E08FBABD1003AA3FE /* Build configuration list for PBXProject "NVObjTemplate" */ = {
			isa = XCConfigurationList;
			buildConfigurations = (
				96CF455F08FBABD1003AA3FE /* Development */,
				96CF456008FBABD1003AA3FE /* Deployment */,
			);
			defaultConfigurationIsVisible = 0;
			defaultConfigurationName = Deployment;
		};
		96D355F30908DD80006B6436 /* Build configuration list for PBXAggregateTarget "ReleaseBuild" */ = {
			isa = XCConfigurationList;
			buildConfigurations = (
				96D355F40908DD80006B6436 /* Development */,
				96D355F50908DD80006B6436 /* Deployment */,
			);
			defaultConfigurationIsVisible = 0;
			defaultConfigurationName = Deployment;
		};
/* End XCConfigurationList section */
	};
	rootObject = 089C1669FE841209C02AAC07 /* Project object */;
}
